{
  "name": "demo1",
  "version": "1.0.0",
  "lockfileVersion": 1,
  "requires": true,
  "dependencies": {
    "@hapi/accept": {
      "version": "3.2.2",
      "resolved": "https://registry.npm.taobao.org/@hapi/accept/download/@hapi/accept-3.2.2.tgz",
      "integrity": "sha1-OgM69nvoGWwj+PUaqHVmh7lyx8s=",
      "dev": true,
      "requires": {
        "@hapi/boom": "7.x.x",
        "@hapi/hoek": "6.x.x"
      }
    },
    "@hapi/address": {
      "version": "2.0.0",
      "resolved": "https://registry.npm.taobao.org/@hapi/address/download/@hapi/address-2.0.0.tgz",
      "integrity": "sha1-nwVGnIjLL9Pc1iR3a1TulcMSEmo=",
      "dev": true
    },
    "@hapi/ammo": {
      "version": "3.1.2",
      "resolved": "https://registry.npmjs.org/@hapi/ammo/-/ammo-3.1.2.tgz",
      "integrity": "sha512-ej9OtFmiZv1qr45g1bxEZNGyaR4jRpyMxU6VhbxjaYThymvOwsyIsUKMZnP5Qw2tfYFuwqCJuIBHGpeIbdX9gQ==",
      "dev": true,
      "requires": {
        "@hapi/hoek": "8.x.x"
      },
      "dependencies": {
        "@hapi/hoek": {
          "version": "8.5.1",
          "resolved": "https://registry.npmjs.org/@hapi/hoek/-/hoek-8.5.1.tgz",
          "integrity": "sha512-yN7kbciD87WzLGc5539Tn0sApjyiGHAJgKvG9W8C7O+6c7qmoQMfVs0W4bX17eqz6C78QJqqFrtgdK5EWf6Qow==",
          "dev": true
        }
      }
    },
    "@hapi/b64": {
      "version": "4.2.0",
      "resolved": "https://registry.npm.taobao.org/@hapi/b64/download/@hapi/b64-4.2.0.tgz",
      "integrity": "sha1-dt4MftduVb+kJwmk+s/olN1B10E=",
      "dev": true,
      "requires": {
        "@hapi/hoek": "6.x.x"
      }
    },
    "@hapi/boom": {
      "version": "7.4.2",
      "resolved": "https://registry.npm.taobao.org/@hapi/boom/download/@hapi/boom-7.4.2.tgz",
      "integrity": "sha1-wWlXzQl5b2wb+0AxvcOdZtbXUMM=",
      "dev": true,
      "requires": {
        "@hapi/hoek": "6.x.x"
      }
    },
    "@hapi/bounce": {
      "version": "1.3.0",
      "resolved": "https://registry.npm.taobao.org/@hapi/bounce/download/@hapi/bounce-1.3.0.tgz",
      "integrity": "sha1-BZ8ZTfkFyloUEdQIA6Zl7hcFM+g=",
      "dev": true,
      "requires": {
        "@hapi/boom": "7.x.x",
        "@hapi/hoek": "6.x.x"
      }
    },
    "@hapi/bourne": {
      "version": "1.3.2",
      "resolved": "https://registry.npm.taobao.org/@hapi/bourne/download/@hapi/bourne-1.3.2.tgz",
      "integrity": "sha1-CnCVreoGckPOMoPhtWuKj0U7JCo=",
      "dev": true
    },
    "@hapi/call": {
      "version": "5.1.0",
      "resolved": "https://registry.npm.taobao.org/@hapi/call/download/@hapi/call-5.1.0.tgz",
      "integrity": "sha1-keTENDGAAxc9ltIR2Q01c2ozlF4=",
      "dev": true,
      "requires": {
        "@hapi/boom": "7.x.x",
        "@hapi/hoek": "6.x.x"
      }
    },
    "@hapi/catbox": {
      "version": "10.2.1",
      "resolved": "https://registry.npm.taobao.org/@hapi/catbox/download/@hapi/catbox-10.2.1.tgz",
      "integrity": "sha1-riH7zdFuTf+AK2lp7i1rxRt+ESg=",
      "dev": true,
      "requires": {
        "@hapi/boom": "7.x.x",
        "@hapi/hoek": "6.x.x",
        "@hapi/joi": "15.x.x",
        "@hapi/podium": "3.x.x"
      }
    },
    "@hapi/catbox-memory": {
      "version": "4.1.0",
      "resolved": "https://registry.npm.taobao.org/@hapi/catbox-memory/download/@hapi/catbox-memory-4.1.0.tgz",
      "integrity": "sha1-y1+69FxSvrRHZtrgGKKu57Q+nIg=",
      "dev": true,
      "requires": {
        "@hapi/boom": "7.x.x",
        "@hapi/hoek": "6.x.x"
      }
    },
    "@hapi/content": {
      "version": "4.1.0",
      "resolved": "https://registry.npm.taobao.org/@hapi/content/download/@hapi/content-4.1.0.tgz",
      "integrity": "sha1-UmVRaUnKCB6FpD6XwQWP9T/GlxQ=",
      "dev": true,
      "requires": {
        "@hapi/boom": "7.x.x"
      }
    },
    "@hapi/cryptiles": {
      "version": "4.2.0",
      "resolved": "https://registry.npm.taobao.org/@hapi/cryptiles/download/@hapi/cryptiles-4.2.0.tgz",
      "integrity": "sha1-0ivVr6VPPBo7lEpD2t/UxeV0f3I=",
      "dev": true,
      "requires": {
        "@hapi/boom": "7.x.x"
      }
    },
    "@hapi/file": {
      "version": "1.0.0",
      "resolved": "https://registry.npm.taobao.org/@hapi/file/download/@hapi/file-1.0.0.tgz",
      "integrity": "sha1-yRw5/QTbi+1a+C0uAy56TmVVWzg=",
      "dev": true
    },
    "@hapi/h2o2": {
      "version": "8.3.0",
      "resolved": "https://registry.npm.taobao.org/@hapi/h2o2/download/@hapi/h2o2-8.3.0.tgz",
      "integrity": "sha1-l4P7VABcyOBft1oeupdQNa1GkSc=",
      "dev": true,
      "requires": {
        "@hapi/boom": "7.x.x",
        "@hapi/hoek": "6.x.x",
        "@hapi/joi": "15.x.x",
        "@hapi/wreck": "15.x.x"
      }
    },
    "@hapi/hapi": {
      "version": "18.3.1",
      "resolved": "https://registry.npm.taobao.org/@hapi/hapi/download/@hapi/hapi-18.3.1.tgz",
      "integrity": "sha1-k20eJFUbEUhuq9akl0vqTsISdmk=",
      "dev": true,
      "requires": {
        "@hapi/accept": "3.x.x",
        "@hapi/ammo": "3.x.x",
        "@hapi/boom": "7.x.x",
        "@hapi/bounce": "1.x.x",
        "@hapi/call": "5.x.x",
        "@hapi/catbox": "10.x.x",
        "@hapi/catbox-memory": "4.x.x",
        "@hapi/heavy": "6.x.x",
        "@hapi/hoek": "6.x.x",
        "@hapi/joi": "15.x.x",
        "@hapi/mimos": "4.x.x",
        "@hapi/podium": "3.x.x",
        "@hapi/shot": "4.x.x",
        "@hapi/somever": "2.x.x",
        "@hapi/statehood": "6.x.x",
        "@hapi/subtext": "6.x.x",
        "@hapi/teamwork": "3.x.x",
        "@hapi/topo": "3.x.x"
      }
    },
    "@hapi/heavy": {
      "version": "6.2.0",
      "resolved": "https://registry.npm.taobao.org/@hapi/heavy/download/@hapi/heavy-6.2.0.tgz",
      "integrity": "sha1-tsMFeOHzCrbKF6gYdy8RsRFrqMw=",
      "dev": true,
      "requires": {
        "@hapi/boom": "7.x.x",
        "@hapi/hoek": "6.x.x",
        "@hapi/joi": "15.x.x"
      }
    },
    "@hapi/hoek": {
      "version": "6.2.4",
      "resolved": "https://registry.npm.taobao.org/@hapi/hoek/download/@hapi/hoek-6.2.4.tgz",
      "integrity": "sha1-S5X7rMv7qQGFaQiQvfGi+72hBZU=",
      "dev": true
    },
    "@hapi/iron": {
      "version": "5.1.0",
      "resolved": "https://registry.npm.taobao.org/@hapi/iron/download/@hapi/iron-5.1.0.tgz",
      "integrity": "sha1-w7NHg80Zt7iqvhG3KwzjeB/O4I0=",
      "dev": true,
      "requires": {
        "@hapi/b64": "4.x.x",
        "@hapi/boom": "7.x.x",
        "@hapi/cryptiles": "4.x.x",
        "@hapi/hoek": "6.x.x"
      }
    },
    "@hapi/joi": {
      "version": "15.1.0",
      "resolved": "https://registry.npm.taobao.org/@hapi/joi/download/@hapi/joi-15.1.0.tgz?cache=0&sync_timestamp=1561256488016&other_urls=https%3A%2F%2Fregistry.npm.taobao.org%2F%40hapi%2Fjoi%2Fdownload%2F%40hapi%2Fjoi-15.1.0.tgz",
      "integrity": "sha1-lAy3SbXFXCarOzTONi6CthYsjno=",
      "dev": true,
      "requires": {
        "@hapi/address": "2.x.x",
        "@hapi/hoek": "6.x.x",
        "@hapi/marker": "1.x.x",
        "@hapi/topo": "3.x.x"
      }
    },
    "@hapi/marker": {
      "version": "1.0.0",
      "resolved": "https://registry.npm.taobao.org/@hapi/marker/download/@hapi/marker-1.0.0.tgz",
      "integrity": "sha1-ZbCysB0b4GMEiGzptLd7G/shp2k=",
      "dev": true
    },
    "@hapi/mimos": {
      "version": "4.1.0",
      "resolved": "https://registry.npm.taobao.org/@hapi/mimos/download/@hapi/mimos-4.1.0.tgz",
      "integrity": "sha1-jDNFyjtwwOEOfp418OAdMUwtTjI=",
      "dev": true,
      "requires": {
        "@hapi/hoek": "6.x.x",
        "mime-db": "1.x.x"
      }
    },
    "@hapi/nigel": {
      "version": "3.1.0",
      "resolved": "https://registry.npm.taobao.org/@hapi/nigel/download/@hapi/nigel-3.1.0.tgz",
      "integrity": "sha1-iPeCIPTwIqW9HWG1lQU2eGFCVZU=",
      "dev": true,
      "requires": {
        "@hapi/hoek": "6.x.x",
        "@hapi/vise": "3.x.x"
      }
    },
    "@hapi/pez": {
      "version": "4.1.0",
      "resolved": "https://registry.npm.taobao.org/@hapi/pez/download/@hapi/pez-4.1.0.tgz",
      "integrity": "sha1-l6iOXRnnVu+9JOX1g9WfqNsdbLo=",
      "dev": true,
      "requires": {
        "@hapi/b64": "4.x.x",
        "@hapi/boom": "7.x.x",
        "@hapi/content": "4.x.x",
        "@hapi/hoek": "6.x.x",
        "@hapi/nigel": "3.x.x"
      }
    },
    "@hapi/podium": {
      "version": "3.4.0",
      "resolved": "https://registry.npm.taobao.org/@hapi/podium/download/@hapi/podium-3.4.0.tgz",
      "integrity": "sha1-NQsqk+sTuLfil+W82LH+om41lgc=",
      "dev": true,
      "requires": {
        "@hapi/hoek": "6.x.x",
        "@hapi/joi": "15.x.x"
      }
    },
    "@hapi/shot": {
      "version": "4.1.0",
      "resolved": "https://registry.npm.taobao.org/@hapi/shot/download/@hapi/shot-4.1.0.tgz",
      "integrity": "sha1-5WS/VHTZMulHvEirNf9WXU4b9Xs=",
      "dev": true,
      "requires": {
        "@hapi/hoek": "6.x.x",
        "@hapi/joi": "15.x.x"
      }
    },
    "@hapi/somever": {
      "version": "2.1.0",
      "resolved": "https://registry.npm.taobao.org/@hapi/somever/download/@hapi/somever-2.1.0.tgz",
      "integrity": "sha1-RszyqFq3djWYKvFapKKMhHcXvb8=",
      "dev": true,
      "requires": {
        "@hapi/bounce": "1.x.x",
        "@hapi/hoek": "6.x.x"
      }
    },
    "@hapi/statehood": {
      "version": "6.1.0",
      "resolved": "https://registry.npm.taobao.org/@hapi/statehood/download/@hapi/statehood-6.1.0.tgz",
      "integrity": "sha1-JoHHONgWKB1qWQKGBUyLnneRFvw=",
      "dev": true,
      "requires": {
        "@hapi/boom": "7.x.x",
        "@hapi/bounce": "1.x.x",
        "@hapi/bourne": "1.x.x",
        "@hapi/cryptiles": "4.x.x",
        "@hapi/hoek": "6.x.x",
        "@hapi/iron": "5.x.x",
        "@hapi/joi": "15.x.x"
      }
    },
    "@hapi/subtext": {
      "version": "6.1.1",
      "resolved": "https://registry.npm.taobao.org/@hapi/subtext/download/@hapi/subtext-6.1.1.tgz",
      "integrity": "sha1-O2O0F1p70GzQ0h8TkSx9gd6Q5tI=",
      "dev": true,
      "requires": {
        "@hapi/boom": "7.x.x",
        "@hapi/bourne": "1.x.x",
        "@hapi/content": "4.x.x",
        "@hapi/file": "1.x.x",
        "@hapi/hoek": "8.x.x",
        "@hapi/pez": "4.x.x",
        "@hapi/wreck": "15.x.x"
      },
      "dependencies": {
        "@hapi/hoek": {
          "version": "8.0.0",
          "resolved": "https://registry.npm.taobao.org/@hapi/hoek/download/@hapi/hoek-8.0.0.tgz",
          "integrity": "sha1-VCelKaPtXw44eUBvyrVnYlPvQoU=",
          "dev": true
        }
      }
    },
    "@hapi/teamwork": {
      "version": "3.3.1",
      "resolved": "https://registry.npm.taobao.org/@hapi/teamwork/download/@hapi/teamwork-3.3.1.tgz",
      "integrity": "sha1-tS0OxIaC3Hk5Jr1DLiLOsZyRXT8=",
      "dev": true
    },
    "@hapi/topo": {
      "version": "3.1.0",
      "resolved": "https://registry.npm.taobao.org/@hapi/topo/download/@hapi/topo-3.1.0.tgz",
      "integrity": "sha1-XEfNljfClT2xhaqVeie8sqi3pvg=",
      "dev": true,
      "requires": {
        "@hapi/hoek": "6.x.x"
      }
    },
    "@hapi/vise": {
      "version": "3.1.0",
      "resolved": "https://registry.npm.taobao.org/@hapi/vise/download/@hapi/vise-3.1.0.tgz",
      "integrity": "sha1-T6cbnnUvNeVRkRXHOkdHmnN1tEU=",
      "dev": true,
      "requires": {
        "@hapi/hoek": "6.x.x"
      }
    },
    "@hapi/wreck": {
      "version": "15.0.1",
      "resolved": "https://registry.npm.taobao.org/@hapi/wreck/download/@hapi/wreck-15.0.1.tgz",
      "integrity": "sha1-ufiBllp+ZJqP/+beJbpBlz7ShBU=",
      "dev": true,
      "requires": {
        "@hapi/boom": "7.x.x",
        "@hapi/bourne": "1.x.x",
        "@hapi/hoek": "6.x.x"
      }
    },
    "buffer-equal-constant-time": {
      "version": "1.0.1",
      "resolved": "https://registry.npm.taobao.org/buffer-equal-constant-time/download/buffer-equal-constant-time-1.0.1.tgz",
      "integrity": "sha1-+OcRMvf/5uAaXJaXpMbz5I1cyBk=",
      "dev": true
    },
    "ecdsa-sig-formatter": {
      "version": "1.0.11",
      "resolved": "https://registry.npm.taobao.org/ecdsa-sig-formatter/download/ecdsa-sig-formatter-1.0.11.tgz",
      "integrity": "sha1-rg8PothQRe8UqBfao86azQSJ5b8=",
      "dev": true,
      "requires": {
        "safe-buffer": "^5.0.1"
      }
    },
    "js-string-escape": {
      "version": "1.0.1",
      "resolved": "https://registry.npm.taobao.org/js-string-escape/download/js-string-escape-1.0.1.tgz",
      "integrity": "sha1-4mJbrbwNZ8dTPp7cEGjFh65BN+8=",
      "dev": true
    },
    "jsonpath-plus": {
      "version": "0.20.1",
      "resolved": "https://registry.npm.taobao.org/jsonpath-plus/download/jsonpath-plus-0.20.1.tgz",
      "integrity": "sha1-U1i46KXfVpxUHeZJCNVLylVVDhw=",
      "dev": true
    },
    "jsonschema": {
      "version": "1.2.4",
      "resolved": "https://registry.npm.taobao.org/jsonschema/download/jsonschema-1.2.4.tgz",
      "integrity": "sha1-pGusXTUGolRGW8VIh24mfG0NZGQ=",
      "dev": true
    },
    "jsonwebtoken": {
      "version": "8.5.1",
      "resolved": "https://registry.npm.taobao.org/jsonwebtoken/download/jsonwebtoken-8.5.1.tgz",
      "integrity": "sha1-AOceC431TCEhofJhN98igGc7zA0=",
      "dev": true,
      "requires": {
        "jws": "^3.2.2",
        "lodash.includes": "^4.3.0",
        "lodash.isboolean": "^3.0.3",
        "lodash.isinteger": "^4.0.4",
        "lodash.isnumber": "^3.0.3",
        "lodash.isplainobject": "^4.0.6",
        "lodash.isstring": "^4.0.1",
        "lodash.once": "^4.0.0",
        "ms": "^2.1.1",
        "semver": "^5.6.0"
      }
    },
    "jwa": {
      "version": "1.4.1",
      "resolved": "https://registry.npm.taobao.org/jwa/download/jwa-1.4.1.tgz",
      "integrity": "sha1-dDwymFy56YZVUw1TZBtmyGRbA5o=",
      "dev": true,
      "requires": {
        "buffer-equal-constant-time": "1.0.1",
        "ecdsa-sig-formatter": "1.0.11",
        "safe-buffer": "^5.0.1"
      }
    },
    "jws": {
      "version": "3.2.2",
      "resolved": "https://registry.npm.taobao.org/jws/download/jws-3.2.2.tgz",
      "integrity": "sha1-ABCZ82OUaMlBQADpmZX6UvtHgwQ=",
      "dev": true,
      "requires": {
        "jwa": "^1.4.1",
        "safe-buffer": "^5.0.1"
      }
    },
    "lodash.includes": {
      "version": "4.3.0",
      "resolved": "https://registry.npm.taobao.org/lodash.includes/download/lodash.includes-4.3.0.tgz",
      "integrity": "sha1-YLuYqHy5I8aMoeUTJUgzFISfVT8=",
      "dev": true
    },
    "lodash.isboolean": {
      "version": "3.0.3",
      "resolved": "https://registry.npm.taobao.org/lodash.isboolean/download/lodash.isboolean-3.0.3.tgz",
      "integrity": "sha1-bC4XHbKiV82WgC/UOwGyDV9YcPY=",
      "dev": true
    },
    "lodash.isinteger": {
      "version": "4.0.4",
      "resolved": "https://registry.npm.taobao.org/lodash.isinteger/download/lodash.isinteger-4.0.4.tgz",
      "integrity": "sha1-YZwK89A/iwTDH1iChAt3sRzWg0M=",
      "dev": true
    },
    "lodash.isnumber": {
      "version": "3.0.3",
      "resolved": "https://registry.npm.taobao.org/lodash.isnumber/download/lodash.isnumber-3.0.3.tgz",
      "integrity": "sha1-POdoEMWSjQM1IwGsKHMX8RwLH/w=",
      "dev": true
    },
    "lodash.isplainobject": {
      "version": "4.0.6",
      "resolved": "https://registry.npm.taobao.org/lodash.isplainobject/download/lodash.isplainobject-4.0.6.tgz",
      "integrity": "sha1-fFJqUtibRcRcxpC4gWO+BJf1UMs=",
      "dev": true
    },
    "lodash.isstring": {
      "version": "4.0.1",
      "resolved": "https://registry.npm.taobao.org/lodash.isstring/download/lodash.isstring-4.0.1.tgz",
      "integrity": "sha1-1SfftUVuynzJu5XV2ur4i6VKVFE=",
      "dev": true
    },
    "lodash.once": {
      "version": "4.1.1",
      "resolved": "https://registry.npm.taobao.org/lodash.once/download/lodash.once-4.1.1.tgz",
      "integrity": "sha1-DdOXEhPHxW34gJd9UEyI+0cal6w=",
      "dev": true
    },
    "mime-db": {
      "version": "1.40.0",
      "resolved": "https://registry.npm.taobao.org/mime-db/download/mime-db-1.40.0.tgz",
      "integrity": "sha1-plBX6ZjbCQ9zKmj2wnbTh9QSbDI=",
      "dev": true
    },
    "ms": {
      "version": "2.1.2",
      "resolved": "https://registry.npm.taobao.org/ms/download/ms-2.1.2.tgz?cache=0&other_urls=https%3A%2F%2Fregistry.npm.taobao.org%2Fms%2Fdownload%2Fms-2.1.2.tgz",
      "integrity": "sha1-0J0fNXtEP0kzgqjrPM0YOHKuYAk=",
      "dev": true
    },
    "safe-buffer": {
      "version": "5.1.2",
      "resolved": "http://registry.npm.taobao.org/safe-buffer/download/safe-buffer-5.1.2.tgz",
      "integrity": "sha1-mR7GnSluAxN0fVm9/St0XDX4go0=",
      "dev": true
    },
    "semver": {
      "version": "5.7.0",
      "resolved": "https://registry.npm.taobao.org/semver/download/semver-5.7.0.tgz?cache=0&other_urls=https%3A%2F%2Fregistry.npm.taobao.org%2Fsemver%2Fdownload%2Fsemver-5.7.0.tgz",
      "integrity": "sha1-eQp89v6lRZuslhELKbYEEtyP+Ws=",
      "dev": true
    },
    "serverless-offline": {
      "version": "5.5.0",
      "resolved": "https://registry.npm.taobao.org/serverless-offline/download/serverless-offline-5.5.0.tgz",
      "integrity": "sha1-nq6kSvSTE0Bf/6hwLd+A2LkqJCc=",
      "dev": true,
      "requires": {
        "@hapi/boom": "^7.4.2",
        "@hapi/cryptiles": "^4.2.0",
        "@hapi/h2o2": "^8.3.0",
        "@hapi/hapi": "^18.3.1",
        "js-string-escape": "^1.0.1",
        "jsonpath-plus": "^0.20.1",
        "jsonschema": "^1.2.4",
        "jsonwebtoken": "^8.5.1",
        "trim-newlines": "^3.0.0",
        "velocityjs": "^1.1.3"
      }
    },
    "trim-newlines": {
      "version": "3.0.0",
      "resolved": "https://registry.npm.taobao.org/trim-newlines/download/trim-newlines-3.0.0.tgz",
      "integrity": "sha1-eXJjBKaomKqDc0JymNVMLuixyzA=",
      "dev": true
    },
    "velocityjs": {
      "version": "1.1.3",
      "resolved": "https://registry.npm.taobao.org/velocityjs/download/velocityjs-1.1.3.tgz",
      "integrity": "sha1-KMae6Q7SiHSdlawAHAm/T/7MHIo=",
      "dev": true
    }
  }
}
